// !$*UTF8*$!
{
	archiveVersion = 1;
	classes = {
	};
	objectVersion = 56;
	objects = {

/* Begin PBXBuildFile section */
		D107EF162B5708960020F0A2 /* SettingsView.swift in Sources */ = {isa = PBXBuildFile; fileRef = D107EF152B5708960020F0A2 /* SettingsView.swift */; };
		D107EF182B5716F60020F0A2 /* Settings.swift in Sources */ = {isa = PBXBuildFile; fileRef = D107EF172B5716F60020F0A2 /* Settings.swift */; };
		D107EF1B2B571C840020F0A2 /* SettingsDatabaseView.swift in Sources */ = {isa = PBXBuildFile; fileRef = D107EF1A2B571C840020F0A2 /* SettingsDatabaseView.swift */; };
		D107EF1D2B571CAA0020F0A2 /* SettingsUploadView.swift in Sources */ = {isa = PBXBuildFile; fileRef = D107EF1C2B571CAA0020F0A2 /* SettingsUploadView.swift */; };
		D107EF1F2B57293B0020F0A2 /* EditDatabaseView.swift in Sources */ = {isa = PBXBuildFile; fileRef = D107EF1E2B57293A0020F0A2 /* EditDatabaseView.swift */; };
		D107EF212B5736BD0020F0A2 /* EditUploadView.swift in Sources */ = {isa = PBXBuildFile; fileRef = D107EF202B5736BD0020F0A2 /* EditUploadView.swift */; };
		D10925962B2B9C96005D376F /* Sounds.swift in Sources */ = {isa = PBXBuildFile; fileRef = D10925952B2B9C96005D376F /* Sounds.swift */; };
		D10BB31C298ADAA400667E86 /* FERNApp.swift in Sources */ = {isa = PBXBuildFile; fileRef = D10BB31B298ADAA400667E86 /* FERNApp.swift */; };
		D10BB320298ADAA500667E86 /* Assets.xcassets in Resources */ = {isa = PBXBuildFile; fileRef = D10BB31F298ADAA500667E86 /* Assets.xcassets */; };
		D10BB323298ADAA500667E86 /* Preview Assets.xcassets in Resources */ = {isa = PBXBuildFile; fileRef = D10BB322298ADAA500667E86 /* Preview Assets.xcassets */; };
		D10BB32A298ADAD600667E86 /* Models.swift in Sources */ = {isa = PBXBuildFile; fileRef = D10BB329298ADAD600667E86 /* Models.swift */; };
		D11B2D902BF3BC81004FEE0B /* ScanPhotosInFolderForText.swift in Sources */ = {isa = PBXBuildFile; fileRef = D11B2D8F2BF3BC81004FEE0B /* ScanPhotosInFolderForText.swift */; };
		D127B37A2A12ECF000F6287A /* nmeaToolKit.framework in Frameworks */ = {isa = PBXBuildFile; fileRef = D127B3782A12EC1400F6287A /* nmeaToolKit.framework */; };
		D127B37B2A12ECF000F6287A /* nmeaToolKit.framework in Embed Frameworks */ = {isa = PBXBuildFile; fileRef = D127B3782A12EC1400F6287A /* nmeaToolKit.framework */; settings = {ATTRIBUTES = (CodeSignOnCopy, RemoveHeadersOnCopy, ); }; };
		D127B37E2A12ED3D00F6287A /* NMEADataClass.swift in Sources */ = {isa = PBXBuildFile; fileRef = D127B37D2A12ED3D00F6287A /* NMEADataClass.swift */; };
		D127B3802A12EDF600F6287A /* NMEADataView.swift in Sources */ = {isa = PBXBuildFile; fileRef = D127B37F2A12EDF600F6287A /* NMEADataView.swift */; };
		D127B3992A1D3C4C00F6287A /* ImagePicker.swift in Sources */ = {isa = PBXBuildFile; fileRef = D127B3982A1D3C4C00F6287A /* ImagePicker.swift */; };
		D130BADA2B5ADEAE00F0C47C /* Trip.swift in Sources */ = {isa = PBXBuildFile; fileRef = D130BAD92B5ADEAE00F0C47C /* Trip.swift */; };
		D1325D6E2C0A1D2E00DAEBA6 /* ImagePickerFastModeWithOverlay.swift in Sources */ = {isa = PBXBuildFile; fileRef = D1325D6D2C0A1D2E00DAEBA6 /* ImagePickerFastModeWithOverlay.swift */; };
		D1325D702C10CD8500DAEBA6 /* MapQCWithNMEAView.swift in Sources */ = {isa = PBXBuildFile; fileRef = D1325D6F2C10CD8500DAEBA6 /* MapQCWithNMEAView.swift */; };
		D147C56829A3EC2900D948AB /* FERNTests.swift in Sources */ = {isa = PBXBuildFile; fileRef = D147C56729A3EC2900D948AB /* FERNTests.swift */; };
		D15BFD142BBF55000013B67F /* OCRModel.swift in Sources */ = {isa = PBXBuildFile; fileRef = D15BFD132BBF55000013B67F /* OCRModel.swift */; };
		D15BFD182BBF55590013B67F /* TextPreviewView.swift in Sources */ = {isa = PBXBuildFile; fileRef = D15BFD172BBF55590013B67F /* TextPreviewView.swift */; };
		D15BFD1A2BBF55880013B67F /* TextRecognition.swift in Sources */ = {isa = PBXBuildFile; fileRef = D15BFD192BBF55880013B67F /* TextRecognition.swift */; };
		D16796372BD9624E00561875 /* TripsInDBView.swift in Sources */ = {isa = PBXBuildFile; fileRef = D16796362BD9624E00561875 /* TripsInDBView.swift */; };
		D167963B2BD9B78A00561875 /* SettingsCesiumView.swift in Sources */ = {isa = PBXBuildFile; fileRef = D167963A2BD9B78A00561875 /* SettingsCesiumView.swift */; };
		D167963D2BD9B7A900561875 /* EditCesiumView.swift in Sources */ = {isa = PBXBuildFile; fileRef = D167963C2BD9B7A900561875 /* EditCesiumView.swift */; };
		D167963F2BDAEF2200561875 /* RandoTestingView.swift in Sources */ = {isa = PBXBuildFile; fileRef = D167963E2BDAEF2200561875 /* RandoTestingView.swift */; };
		D16796412BE02CE500561875 /* SelectTripForAppleMapView.swift in Sources */ = {isa = PBXBuildFile; fileRef = D16796402BE02CE500561875 /* SelectTripForAppleMapView.swift */; };
		D16796432BE02CFF00561875 /* SelectTripForCesiumView.swift in Sources */ = {isa = PBXBuildFile; fileRef = D16796422BE02CFF00561875 /* SelectTripForCesiumView.swift */; };
		D16796452BE2B65900561875 /* SelectTripModeView.swift in Sources */ = {isa = PBXBuildFile; fileRef = D16796442BE2B65900561875 /* SelectTripModeView.swift */; };
		D16A6C7229901A2000835B5E /* SelectAreaView.swift in Sources */ = {isa = PBXBuildFile; fileRef = D16A6C7129901A2000835B5E /* SelectAreaView.swift */; };
		D16A6C7C2995D18100835B5E /* StartScreenView.swift in Sources */ = {isa = PBXBuildFile; fileRef = D16A6C7B2995D18100835B5E /* StartScreenView.swift */; };
		D16A6C7E29970E0900835B5E /* SelectNotesView.swift in Sources */ = {isa = PBXBuildFile; fileRef = D16A6C7D29970E0900835B5E /* SelectNotesView.swift */; };
		D16A6C80299AC65600835B5E /* SelectReportView.swift in Sources */ = {isa = PBXBuildFile; fileRef = D16A6C7F299AC65600835B5E /* SelectReportView.swift */; };
		D16A6C86299AE2DF00835B5E /* SelectSavedRouteView.swift in Sources */ = {isa = PBXBuildFile; fileRef = D16A6C85299AE2DF00835B5E /* SelectSavedRouteView.swift */; };
		D16A6C88299AF32600835B5E /* ReportRoutes.swift in Sources */ = {isa = PBXBuildFile; fileRef = D16A6C87299AF32600835B5E /* ReportRoutes.swift */; };
		D16B0A8C2B9A34BD002081E1 /* MapWithNMEAView.swift in Sources */ = {isa = PBXBuildFile; fileRef = D16B0A8B2B9A34BD002081E1 /* MapWithNMEAView.swift */; };
		D1766C9D298DB978002F594D /* MainMenuView.swift in Sources */ = {isa = PBXBuildFile; fileRef = D1766C9C298DB978002F594D /* MainMenuView.swift */; };
		D1766C9F298DB9B2002F594D /* SearchByNameView.swift in Sources */ = {isa = PBXBuildFile; fileRef = D1766C9E298DB9B2002F594D /* SearchByNameView.swift */; };
		D1766CA1298DB9C6002F594D /* MapView.swift in Sources */ = {isa = PBXBuildFile; fileRef = D1766CA0298DB9C6002F594D /* MapView.swift */; };
		D1766CA3298DBAA3002F594D /* Functions.swift in Sources */ = {isa = PBXBuildFile; fileRef = D1766CA2298DBAA3002F594D /* Functions.swift */; };
		D1766CA5298E0B3E002F594D /* Classes.swift in Sources */ = {isa = PBXBuildFile; fileRef = D1766CA4298E0B3E002F594D /* Classes.swift */; };
		D18B59CD2C07BC82005A58DB /* TripModeThoroughCameraView.swift in Sources */ = {isa = PBXBuildFile; fileRef = D18B59CC2C07BC82005A58DB /* TripModeThoroughCameraView.swift */; };
		D18B59CF2C07BCE9005A58DB /* TripModeFastCameraView.swift in Sources */ = {isa = PBXBuildFile; fileRef = D18B59CE2C07BCE9005A58DB /* TripModeFastCameraView.swift */; };
		D18B59D12C07C002005A58DB /* QCSelectMapTypeView.swift in Sources */ = {isa = PBXBuildFile; fileRef = D18B59D02C07C002005A58DB /* QCSelectMapTypeView.swift */; };
		D18B59D32C07C16B005A58DB /* MessageView.swift in Sources */ = {isa = PBXBuildFile; fileRef = D18B59D22C07C16B005A58DB /* MessageView.swift */; };
		D18B59D72C08C7E6005A58DB /* ImagePickerFastMode.swift in Sources */ = {isa = PBXBuildFile; fileRef = D18B59D62C08C7E6005A58DB /* ImagePickerFastMode.swift */; };
		D1A56E812B051DB300AC8291 /* SelectTripView.swift in Sources */ = {isa = PBXBuildFile; fileRef = D1A56E802B051DB300AC8291 /* SelectTripView.swift */; };
		D1A56E992B07D27700AC8291 /* CameraImageView.swift in Sources */ = {isa = PBXBuildFile; fileRef = D1A56E982B07D27700AC8291 /* CameraImageView.swift */; };
		D1CEED8E2B44C43C00569520 /* CompletedTripView.swift in Sources */ = {isa = PBXBuildFile; fileRef = D1CEED8D2B44C43C00569520 /* CompletedTripView.swift */; };
/* End PBXBuildFile section */

/* Begin PBXContainerItemProxy section */
		D147C56929A3EC2900D948AB /* PBXContainerItemProxy */ = {
			isa = PBXContainerItemProxy;
			containerPortal = D10BB310298ADAA400667E86 /* Project object */;
			proxyType = 1;
			remoteGlobalIDString = D10BB317298ADAA400667E86;
			remoteInfo = FERN;
		};
/* End PBXContainerItemProxy section */

/* Begin PBXCopyFilesBuildPhase section */
		D127B37C2A12ECF000F6287A /* Embed Frameworks */ = {
			isa = PBXCopyFilesBuildPhase;
			buildActionMask = 2147483647;
			dstPath = "";
			dstSubfolderSpec = 10;
			files = (
				D127B37B2A12ECF000F6287A /* nmeaToolKit.framework in Embed Frameworks */,
			);
			name = "Embed Frameworks";
			runOnlyForDeploymentPostprocessing = 0;
		};
/* End PBXCopyFilesBuildPhase section */

/* Begin PBXFileReference section */
		D107EF152B5708960020F0A2 /* SettingsView.swift */ = {isa = PBXFileReference; lastKnownFileType = sourcecode.swift; path = SettingsView.swift; sourceTree = "<group>"; };
		D107EF172B5716F60020F0A2 /* Settings.swift */ = {isa = PBXFileReference; lastKnownFileType = sourcecode.swift; path = Settings.swift; sourceTree = "<group>"; };
		D107EF1A2B571C840020F0A2 /* SettingsDatabaseView.swift */ = {isa = PBXFileReference; lastKnownFileType = sourcecode.swift; path = SettingsDatabaseView.swift; sourceTree = "<group>"; };
		D107EF1C2B571CAA0020F0A2 /* SettingsUploadView.swift */ = {isa = PBXFileReference; lastKnownFileType = sourcecode.swift; path = SettingsUploadView.swift; sourceTree = "<group>"; };
		D107EF1E2B57293A0020F0A2 /* EditDatabaseView.swift */ = {isa = PBXFileReference; lastKnownFileType = sourcecode.swift; path = EditDatabaseView.swift; sourceTree = "<group>"; };
		D107EF202B5736BD0020F0A2 /* EditUploadView.swift */ = {isa = PBXFileReference; lastKnownFileType = sourcecode.swift; path = EditUploadView.swift; sourceTree = "<group>"; };
		D10925952B2B9C96005D376F /* Sounds.swift */ = {isa = PBXFileReference; lastKnownFileType = sourcecode.swift; path = Sounds.swift; sourceTree = "<group>"; };
		D10BB318298ADAA400667E86 /* FERN.app */ = {isa = PBXFileReference; explicitFileType = wrapper.application; includeInIndex = 0; path = FERN.app; sourceTree = BUILT_PRODUCTS_DIR; };
		D10BB31B298ADAA400667E86 /* FERNApp.swift */ = {isa = PBXFileReference; lastKnownFileType = sourcecode.swift; path = FERNApp.swift; sourceTree = "<group>"; };
		D10BB31F298ADAA500667E86 /* Assets.xcassets */ = {isa = PBXFileReference; lastKnownFileType = folder.assetcatalog; path = Assets.xcassets; sourceTree = "<group>"; };
		D10BB322298ADAA500667E86 /* Preview Assets.xcassets */ = {isa = PBXFileReference; lastKnownFileType = folder.assetcatalog; path = "Preview Assets.xcassets"; sourceTree = "<group>"; };
		D10BB329298ADAD600667E86 /* Models.swift */ = {isa = PBXFileReference; lastKnownFileType = sourcecode.swift; path = Models.swift; sourceTree = "<group>"; };
		D10BB32B298AF42000667E86 /* Info.plist */ = {isa = PBXFileReference; lastKnownFileType = text.plist; path = Info.plist; sourceTree = "<group>"; };
		D11B2D8F2BF3BC81004FEE0B /* ScanPhotosInFolderForText.swift */ = {isa = PBXFileReference; lastKnownFileType = sourcecode.swift; path = ScanPhotosInFolderForText.swift; sourceTree = "<group>"; };
		D127B3782A12EC1400F6287A /* nmeaToolKit.framework */ = {isa = PBXFileReference; lastKnownFileType = wrapper.framework; name = nmeaToolKit.framework; path = FERN/nmeaToolKit.framework; sourceTree = SOURCE_ROOT; };
		D127B37D2A12ED3D00F6287A /* NMEADataClass.swift */ = {isa = PBXFileReference; lastKnownFileType = sourcecode.swift; path = NMEADataClass.swift; sourceTree = "<group>"; };
		D127B37F2A12EDF600F6287A /* NMEADataView.swift */ = {isa = PBXFileReference; lastKnownFileType = sourcecode.swift; path = NMEADataView.swift; sourceTree = "<group>"; };
		D127B3982A1D3C4C00F6287A /* ImagePicker.swift */ = {isa = PBXFileReference; lastKnownFileType = sourcecode.swift; path = ImagePicker.swift; sourceTree = "<group>"; };
		D130BAD92B5ADEAE00F0C47C /* Trip.swift */ = {isa = PBXFileReference; lastKnownFileType = sourcecode.swift; path = Trip.swift; sourceTree = "<group>"; };
		D1325D6D2C0A1D2E00DAEBA6 /* ImagePickerFastModeWithOverlay.swift */ = {isa = PBXFileReference; lastKnownFileType = sourcecode.swift; path = ImagePickerFastModeWithOverlay.swift; sourceTree = "<group>"; };
		D1325D6F2C10CD8500DAEBA6 /* MapQCWithNMEAView.swift */ = {isa = PBXFileReference; lastKnownFileType = sourcecode.swift; path = MapQCWithNMEAView.swift; sourceTree = "<group>"; };
		D147C56529A3EC2900D948AB /* FERNTests.xctest */ = {isa = PBXFileReference; explicitFileType = wrapper.cfbundle; includeInIndex = 0; path = FERNTests.xctest; sourceTree = BUILT_PRODUCTS_DIR; };
		D147C56729A3EC2900D948AB /* FERNTests.swift */ = {isa = PBXFileReference; lastKnownFileType = sourcecode.swift; path = FERNTests.swift; sourceTree = "<group>"; };
		D15BFD132BBF55000013B67F /* OCRModel.swift */ = {isa = PBXFileReference; lastKnownFileType = sourcecode.swift; path = OCRModel.swift; sourceTree = "<group>"; };
		D15BFD172BBF55590013B67F /* TextPreviewView.swift */ = {isa = PBXFileReference; lastKnownFileType = sourcecode.swift; path = TextPreviewView.swift; sourceTree = "<group>"; };
		D15BFD192BBF55880013B67F /* TextRecognition.swift */ = {isa = PBXFileReference; lastKnownFileType = sourcecode.swift; path = TextRecognition.swift; sourceTree = "<group>"; };
		D16796362BD9624E00561875 /* TripsInDBView.swift */ = {isa = PBXFileReference; lastKnownFileType = sourcecode.swift; path = TripsInDBView.swift; sourceTree = "<group>"; };
		D167963A2BD9B78A00561875 /* SettingsCesiumView.swift */ = {isa = PBXFileReference; lastKnownFileType = sourcecode.swift; path = SettingsCesiumView.swift; sourceTree = "<group>"; };
		D167963C2BD9B7A900561875 /* EditCesiumView.swift */ = {isa = PBXFileReference; lastKnownFileType = sourcecode.swift; path = EditCesiumView.swift; sourceTree = "<group>"; };
		D167963E2BDAEF2200561875 /* RandoTestingView.swift */ = {isa = PBXFileReference; lastKnownFileType = sourcecode.swift; path = RandoTestingView.swift; sourceTree = "<group>"; };
		D16796402BE02CE500561875 /* SelectTripForAppleMapView.swift */ = {isa = PBXFileReference; lastKnownFileType = sourcecode.swift; path = SelectTripForAppleMapView.swift; sourceTree = "<group>"; };
		D16796422BE02CFF00561875 /* SelectTripForCesiumView.swift */ = {isa = PBXFileReference; lastKnownFileType = sourcecode.swift; path = SelectTripForCesiumView.swift; sourceTree = "<group>"; };
		D16796442BE2B65900561875 /* SelectTripModeView.swift */ = {isa = PBXFileReference; lastKnownFileType = sourcecode.swift; path = SelectTripModeView.swift; sourceTree = "<group>"; };
		D16A6C7129901A2000835B5E /* SelectAreaView.swift */ = {isa = PBXFileReference; lastKnownFileType = sourcecode.swift; path = SelectAreaView.swift; sourceTree = "<group>"; };
		D16A6C7B2995D18100835B5E /* StartScreenView.swift */ = {isa = PBXFileReference; lastKnownFileType = sourcecode.swift; path = StartScreenView.swift; sourceTree = "<group>"; };
		D16A6C7D29970E0900835B5E /* SelectNotesView.swift */ = {isa = PBXFileReference; lastKnownFileType = sourcecode.swift; path = SelectNotesView.swift; sourceTree = "<group>"; };
		D16A6C7F299AC65600835B5E /* SelectReportView.swift */ = {isa = PBXFileReference; lastKnownFileType = sourcecode.swift; path = SelectReportView.swift; sourceTree = "<group>"; };
		D16A6C85299AE2DF00835B5E /* SelectSavedRouteView.swift */ = {isa = PBXFileReference; fileEncoding = 4; lastKnownFileType = sourcecode.swift; path = SelectSavedRouteView.swift; sourceTree = "<group>"; };
		D16A6C87299AF32600835B5E /* ReportRoutes.swift */ = {isa = PBXFileReference; lastKnownFileType = sourcecode.swift; path = ReportRoutes.swift; sourceTree = "<group>"; };
		D16B0A8B2B9A34BD002081E1 /* MapWithNMEAView.swift */ = {isa = PBXFileReference; fileEncoding = 4; lastKnownFileType = sourcecode.swift; path = MapWithNMEAView.swift; sourceTree = "<group>"; };
		D1766C9C298DB978002F594D /* MainMenuView.swift */ = {isa = PBXFileReference; lastKnownFileType = sourcecode.swift; path = MainMenuView.swift; sourceTree = "<group>"; };
		D1766C9E298DB9B2002F594D /* SearchByNameView.swift */ = {isa = PBXFileReference; lastKnownFileType = sourcecode.swift; path = SearchByNameView.swift; sourceTree = "<group>"; };
		D1766CA0298DB9C6002F594D /* MapView.swift */ = {isa = PBXFileReference; lastKnownFileType = sourcecode.swift; path = MapView.swift; sourceTree = "<group>"; };
		D1766CA2298DBAA3002F594D /* Functions.swift */ = {isa = PBXFileReference; lastKnownFileType = sourcecode.swift; path = Functions.swift; sourceTree = "<group>"; };
		D1766CA4298E0B3E002F594D /* Classes.swift */ = {isa = PBXFileReference; lastKnownFileType = sourcecode.swift; path = Classes.swift; sourceTree = "<group>"; };
		D18B59CC2C07BC82005A58DB /* TripModeThoroughCameraView.swift */ = {isa = PBXFileReference; lastKnownFileType = sourcecode.swift; path = TripModeThoroughCameraView.swift; sourceTree = "<group>"; };
		D18B59CE2C07BCE9005A58DB /* TripModeFastCameraView.swift */ = {isa = PBXFileReference; lastKnownFileType = sourcecode.swift; path = TripModeFastCameraView.swift; sourceTree = "<group>"; };
		D18B59D02C07C002005A58DB /* QCSelectMapTypeView.swift */ = {isa = PBXFileReference; lastKnownFileType = sourcecode.swift; path = QCSelectMapTypeView.swift; sourceTree = "<group>"; };
		D18B59D22C07C16B005A58DB /* MessageView.swift */ = {isa = PBXFileReference; lastKnownFileType = sourcecode.swift; path = MessageView.swift; sourceTree = "<group>"; };
		D18B59D62C08C7E6005A58DB /* ImagePickerFastMode.swift */ = {isa = PBXFileReference; lastKnownFileType = sourcecode.swift; path = ImagePickerFastMode.swift; sourceTree = "<group>"; };
		D1A56E802B051DB300AC8291 /* SelectTripView.swift */ = {isa = PBXFileReference; lastKnownFileType = sourcecode.swift; path = SelectTripView.swift; sourceTree = "<group>"; };
		D1A56E982B07D27700AC8291 /* CameraImageView.swift */ = {isa = PBXFileReference; lastKnownFileType = sourcecode.swift; path = CameraImageView.swift; sourceTree = "<group>"; };
		D1CEED8D2B44C43C00569520 /* CompletedTripView.swift */ = {isa = PBXFileReference; lastKnownFileType = sourcecode.swift; path = CompletedTripView.swift; sourceTree = "<group>"; };
/* End PBXFileReference section */

/* Begin PBXFrameworksBuildPhase section */
		D10BB315298ADAA400667E86 /* Frameworks */ = {
			isa = PBXFrameworksBuildPhase;
			buildActionMask = 2147483647;
			files = (
				D127B37A2A12ECF000F6287A /* nmeaToolKit.framework in Frameworks */,
			);
			runOnlyForDeploymentPostprocessing = 0;
		};
		D147C56229A3EC2900D948AB /* Frameworks */ = {
			isa = PBXFrameworksBuildPhase;
			buildActionMask = 2147483647;
			files = (
			);
			runOnlyForDeploymentPostprocessing = 0;
		};
/* End PBXFrameworksBuildPhase section */

/* Begin PBXGroup section */
		D107EF192B571C610020F0A2 /* Settings */ = {
			isa = PBXGroup;
			children = (
				D107EF152B5708960020F0A2 /* SettingsView.swift */,
				D167963A2BD9B78A00561875 /* SettingsCesiumView.swift */,
				D107EF1A2B571C840020F0A2 /* SettingsDatabaseView.swift */,
				D107EF1C2B571CAA0020F0A2 /* SettingsUploadView.swift */,
				D167963C2BD9B7A900561875 /* EditCesiumView.swift */,
				D107EF1E2B57293A0020F0A2 /* EditDatabaseView.swift */,
				D107EF202B5736BD0020F0A2 /* EditUploadView.swift */,
			);
			path = Settings;
			sourceTree = "<group>";
		};
		D10BB30F298ADAA400667E86 = {
			isa = PBXGroup;
			children = (
				D10BB31A298ADAA400667E86 /* FERN */,
				D147C56629A3EC2900D948AB /* FERNTests */,
				D10BB319298ADAA400667E86 /* Products */,
			);
			sourceTree = "<group>";
		};
		D10BB319298ADAA400667E86 /* Products */ = {
			isa = PBXGroup;
			children = (
				D10BB318298ADAA400667E86 /* FERN.app */,
				D147C56529A3EC2900D948AB /* FERNTests.xctest */,
			);
			name = Products;
			sourceTree = "<group>";
		};
		D10BB31A298ADAA400667E86 /* FERN */ = {
			isa = PBXGroup;
			children = (
				D1A56E962B07D0C000AC8291 /* ClassesAndModels */,
				D1A56E942B07D05E00AC8291 /* Views */,
				D1A56E972B07D0DE00AC8291 /* Persistence */,
				D107EF192B571C610020F0A2 /* Settings */,
				D127B3772A12EBB400F6287A /* NMEA */,
				D10BB31B298ADAA400667E86 /* FERNApp.swift */,
				D1766CA2298DBAA3002F594D /* Functions.swift */,
				D10BB31F298ADAA500667E86 /* Assets.xcassets */,
				D10BB32B298AF42000667E86 /* Info.plist */,
				D10BB321298ADAA500667E86 /* Preview Content */,
			);
			path = FERN;
			sourceTree = "<group>";
		};
		D10BB321298ADAA500667E86 /* Preview Content */ = {
			isa = PBXGroup;
			children = (
				D10BB322298ADAA500667E86 /* Preview Assets.xcassets */,
			);
			path = "Preview Content";
			sourceTree = "<group>";
		};
		D127B3772A12EBB400F6287A /* NMEA */ = {
			isa = PBXGroup;
			children = (
				D127B3782A12EC1400F6287A /* nmeaToolKit.framework */,
			);
			path = NMEA;
			sourceTree = "<group>";
		};
		D147C56629A3EC2900D948AB /* FERNTests */ = {
			isa = PBXGroup;
			children = (
				D147C56729A3EC2900D948AB /* FERNTests.swift */,
			);
			path = FERNTests;
			sourceTree = "<group>";
		};
		D15BFD0C2BBF4DFD0013B67F /* TextRecognizer */ = {
			isa = PBXGroup;
			children = (
				D15BFD132BBF55000013B67F /* OCRModel.swift */,
				D15BFD172BBF55590013B67F /* TextPreviewView.swift */,
				D15BFD192BBF55880013B67F /* TextRecognition.swift */,
			);
			path = TextRecognizer;
			sourceTree = "<group>";
		};
		D18B59C92C078849005A58DB /* Capstone Views */ = {
			isa = PBXGroup;
			children = (
				D16A6C7D29970E0900835B5E /* SelectNotesView.swift */,
				D16A6C7F299AC65600835B5E /* SelectReportView.swift */,
				D1766C9E298DB9B2002F594D /* SearchByNameView.swift */,
				D16A6C7129901A2000835B5E /* SelectAreaView.swift */,
				D1A56E952B07D09D00AC8291 /* Reports */,
			);
			path = "Capstone Views";
			sourceTree = "<group>";
		};
		D18B59D42C07C3A6005A58DB /* App Navigation */ = {
			isa = PBXGroup;
			children = (
				D1766C9C298DB978002F594D /* MainMenuView.swift */,
				D18B59D02C07C002005A58DB /* QCSelectMapTypeView.swift */,
				D16A6C85299AE2DF00835B5E /* SelectSavedRouteView.swift */,
				D16796402BE02CE500561875 /* SelectTripForAppleMapView.swift */,
				D16796422BE02CFF00561875 /* SelectTripForCesiumView.swift */,
				D16796442BE2B65900561875 /* SelectTripModeView.swift */,
				D1A56E802B051DB300AC8291 /* SelectTripView.swift */,
			);
			path = "App Navigation";
			sourceTree = "<group>";
		};
		D18B59D52C07C44E005A58DB /* Camera Views */ = {
			isa = PBXGroup;
			children = (
				D1A56E982B07D27700AC8291 /* CameraImageView.swift */,
				D18B59CE2C07BCE9005A58DB /* TripModeFastCameraView.swift */,
				D18B59CC2C07BC82005A58DB /* TripModeThoroughCameraView.swift */,
			);
			path = "Camera Views";
			sourceTree = "<group>";
		};
		D1A56E942B07D05E00AC8291 /* Views */ = {
			isa = PBXGroup;
			children = (
				D18B59D42C07C3A6005A58DB /* App Navigation */,
				D18B59C92C078849005A58DB /* Capstone Views */,
				D18B59D52C07C44E005A58DB /* Camera Views */,
				D15BFD0C2BBF4DFD0013B67F /* TextRecognizer */,
				D1CEED8D2B44C43C00569520 /* CompletedTripView.swift */,
				D1325D6F2C10CD8500DAEBA6 /* MapQCWithNMEAView.swift */,
				D1766CA0298DB9C6002F594D /* MapView.swift */,
				D16B0A8B2B9A34BD002081E1 /* MapWithNMEAView.swift */,
				D127B37F2A12EDF600F6287A /* NMEADataView.swift */,
				D11B2D8F2BF3BC81004FEE0B /* ScanPhotosInFolderForText.swift */,
				D16A6C7B2995D18100835B5E /* StartScreenView.swift */,
				D16796362BD9624E00561875 /* TripsInDBView.swift */,
				D167963E2BDAEF2200561875 /* RandoTestingView.swift */,
				D18B59D22C07C16B005A58DB /* MessageView.swift */,
			);
			path = Views;
			sourceTree = "<group>";
		};
		D1A56E952B07D09D00AC8291 /* Reports */ = {
			isa = PBXGroup;
			children = (
				D16A6C87299AF32600835B5E /* ReportRoutes.swift */,
			);
			path = Reports;
			sourceTree = "<group>";
		};
		D1A56E962B07D0C000AC8291 /* ClassesAndModels */ = {
			isa = PBXGroup;
			children = (
				D1766CA4298E0B3E002F594D /* Classes.swift */,
				D127B3982A1D3C4C00F6287A /* ImagePicker.swift */,
				D18B59D62C08C7E6005A58DB /* ImagePickerFastMode.swift */,
				D10BB329298ADAD600667E86 /* Models.swift */,
				D127B37D2A12ED3D00F6287A /* NMEADataClass.swift */,
				D10925952B2B9C96005D376F /* Sounds.swift */,
				D1325D6D2C0A1D2E00DAEBA6 /* ImagePickerFastModeWithOverlay.swift */,
			);
			path = ClassesAndModels;
			sourceTree = "<group>";
		};
		D1A56E972B07D0DE00AC8291 /* Persistence */ = {
			isa = PBXGroup;
			children = (
				D107EF172B5716F60020F0A2 /* Settings.swift */,
				D130BAD92B5ADEAE00F0C47C /* Trip.swift */,
			);
			path = Persistence;
			sourceTree = "<group>";
		};
/* End PBXGroup section */

/* Begin PBXNativeTarget section */
		D10BB317298ADAA400667E86 /* FERN */ = {
			isa = PBXNativeTarget;
			buildConfigurationList = D10BB326298ADAA500667E86 /* Build configuration list for PBXNativeTarget "FERN" */;
			buildPhases = (
				D10BB314298ADAA400667E86 /* Sources */,
				D10BB315298ADAA400667E86 /* Frameworks */,
				D10BB316298ADAA400667E86 /* Resources */,
				D127B37C2A12ECF000F6287A /* Embed Frameworks */,
			);
			buildRules = (
			);
			dependencies = (
			);
			name = FERN;
			productName = FERN;
			productReference = D10BB318298ADAA400667E86 /* FERN.app */;
			productType = "com.apple.product-type.application";
		};
		D147C56429A3EC2900D948AB /* FERNTests */ = {
			isa = PBXNativeTarget;
			buildConfigurationList = D147C56B29A3EC2900D948AB /* Build configuration list for PBXNativeTarget "FERNTests" */;
			buildPhases = (
				D147C56129A3EC2900D948AB /* Sources */,
				D147C56229A3EC2900D948AB /* Frameworks */,
				D147C56329A3EC2900D948AB /* Resources */,
			);
			buildRules = (
			);
			dependencies = (
				D147C56A29A3EC2900D948AB /* PBXTargetDependency */,
			);
			name = FERNTests;
			productName = FERNTests;
			productReference = D147C56529A3EC2900D948AB /* FERNTests.xctest */;
			productType = "com.apple.product-type.bundle.unit-test";
		};
/* End PBXNativeTarget section */

/* Begin PBXProject section */
		D10BB310298ADAA400667E86 /* Project object */ = {
			isa = PBXProject;
			attributes = {
				BuildIndependentTargetsInParallel = 1;
				LastSwiftUpdateCheck = 1420;
				LastUpgradeCheck = 1500;
				TargetAttributes = {
					D10BB317298ADAA400667E86 = {
						CreatedOnToolsVersion = 14.2;
					};
					D147C56429A3EC2900D948AB = {
						CreatedOnToolsVersion = 14.2;
						TestTargetID = D10BB317298ADAA400667E86;
					};
				};
			};
			buildConfigurationList = D10BB313298ADAA400667E86 /* Build configuration list for PBXProject "FERN" */;
			compatibilityVersion = "Xcode 14.0";
			developmentRegion = en;
			hasScannedForEncodings = 0;
			knownRegions = (
				en,
				Base,
			);
			mainGroup = D10BB30F298ADAA400667E86;
			productRefGroup = D10BB319298ADAA400667E86 /* Products */;
			projectDirPath = "";
			projectRoot = "";
			targets = (
				D10BB317298ADAA400667E86 /* FERN */,
				D147C56429A3EC2900D948AB /* FERNTests */,
			);
		};
/* End PBXProject section */

/* Begin PBXResourcesBuildPhase section */
		D10BB316298ADAA400667E86 /* Resources */ = {
			isa = PBXResourcesBuildPhase;
			buildActionMask = 2147483647;
			files = (
				D10BB323298ADAA500667E86 /* Preview Assets.xcassets in Resources */,
				D10BB320298ADAA500667E86 /* Assets.xcassets in Resources */,
			);
			runOnlyForDeploymentPostprocessing = 0;
		};
		D147C56329A3EC2900D948AB /* Resources */ = {
			isa = PBXResourcesBuildPhase;
			buildActionMask = 2147483647;
			files = (
			);
			runOnlyForDeploymentPostprocessing = 0;
		};
/* End PBXResourcesBuildPhase section */

/* Begin PBXSourcesBuildPhase section */
		D10BB314298ADAA400667E86 /* Sources */ = {
			isa = PBXSourcesBuildPhase;
			buildActionMask = 2147483647;
			files = (
				D167963D2BD9B7A900561875 /* EditCesiumView.swift in Sources */,
				D15BFD182BBF55590013B67F /* TextPreviewView.swift in Sources */,
				D16796452BE2B65900561875 /* SelectTripModeView.swift in Sources */,
				D107EF1D2B571CAA0020F0A2 /* SettingsUploadView.swift in Sources */,
				D16A6C86299AE2DF00835B5E /* SelectSavedRouteView.swift in Sources */,
				D127B3992A1D3C4C00F6287A /* ImagePicker.swift in Sources */,
				D18B59CD2C07BC82005A58DB /* TripModeThoroughCameraView.swift in Sources */,
				D18B59D12C07C002005A58DB /* QCSelectMapTypeView.swift in Sources */,
				D1325D702C10CD8500DAEBA6 /* MapQCWithNMEAView.swift in Sources */,
				D1766CA1298DB9C6002F594D /* MapView.swift in Sources */,
				D1766C9D298DB978002F594D /* MainMenuView.swift in Sources */,
				D10BB32A298ADAD600667E86 /* Models.swift in Sources */,
				D127B3802A12EDF600F6287A /* NMEADataView.swift in Sources */,
				D130BADA2B5ADEAE00F0C47C /* Trip.swift in Sources */,
				D18B59D32C07C16B005A58DB /* MessageView.swift in Sources */,
				D16796432BE02CFF00561875 /* SelectTripForCesiumView.swift in Sources */,
				D10925962B2B9C96005D376F /* Sounds.swift in Sources */,
				D16A6C7229901A2000835B5E /* SelectAreaView.swift in Sources */,
				D11B2D902BF3BC81004FEE0B /* ScanPhotosInFolderForText.swift in Sources */,
				D1766CA3298DBAA3002F594D /* Functions.swift in Sources */,
				D107EF1F2B57293B0020F0A2 /* EditDatabaseView.swift in Sources */,
				D1325D6E2C0A1D2E00DAEBA6 /* ImagePickerFastModeWithOverlay.swift in Sources */,
				D127B37E2A12ED3D00F6287A /* NMEADataClass.swift in Sources */,
				D107EF182B5716F60020F0A2 /* Settings.swift in Sources */,
				D1766C9F298DB9B2002F594D /* SearchByNameView.swift in Sources */,
				D15BFD1A2BBF55880013B67F /* TextRecognition.swift in Sources */,
				D18B59D72C08C7E6005A58DB /* ImagePickerFastMode.swift in Sources */,
				D15BFD142BBF55000013B67F /* OCRModel.swift in Sources */,
				D16796412BE02CE500561875 /* SelectTripForAppleMapView.swift in Sources */,
				D107EF162B5708960020F0A2 /* SettingsView.swift in Sources */,
				D107EF1B2B571C840020F0A2 /* SettingsDatabaseView.swift in Sources */,
				D16A6C7C2995D18100835B5E /* StartScreenView.swift in Sources */,
				D1A56E992B07D27700AC8291 /* CameraImageView.swift in Sources */,
				D16B0A8C2B9A34BD002081E1 /* MapWithNMEAView.swift in Sources */,
				D1CEED8E2B44C43C00569520 /* CompletedTripView.swift in Sources */,
				D16796372BD9624E00561875 /* TripsInDBView.swift in Sources */,
				D16A6C88299AF32600835B5E /* ReportRoutes.swift in Sources */,
				D18B59CF2C07BCE9005A58DB /* TripModeFastCameraView.swift in Sources */,
				D167963B2BD9B78A00561875 /* SettingsCesiumView.swift in Sources */,
				D1A56E812B051DB300AC8291 /* SelectTripView.swift in Sources */,
				D16A6C80299AC65600835B5E /* SelectReportView.swift in Sources */,
				D10BB31C298ADAA400667E86 /* FERNApp.swift in Sources */,
				D167963F2BDAEF2200561875 /* RandoTestingView.swift in Sources */,
				D107EF212B5736BD0020F0A2 /* EditUploadView.swift in Sources */,
				D16A6C7E29970E0900835B5E /* SelectNotesView.swift in Sources */,
				D1766CA5298E0B3E002F594D /* Classes.swift in Sources */,
			);
			runOnlyForDeploymentPostprocessing = 0;
		};
		D147C56129A3EC2900D948AB /* Sources */ = {
			isa = PBXSourcesBuildPhase;
			buildActionMask = 2147483647;
			files = (
				D147C56829A3EC2900D948AB /* FERNTests.swift in Sources */,
			);
			runOnlyForDeploymentPostprocessing = 0;
		};
/* End PBXSourcesBuildPhase section */

/* Begin PBXTargetDependency section */
		D147C56A29A3EC2900D948AB /* PBXTargetDependency */ = {
			isa = PBXTargetDependency;
			target = D10BB317298ADAA400667E86 /* FERN */;
			targetProxy = D147C56929A3EC2900D948AB /* PBXContainerItemProxy */;
		};
/* End PBXTargetDependency section */

/* Begin XCBuildConfiguration section */
		D10BB324298ADAA500667E86 /* Debug */ = {
			isa = XCBuildConfiguration;
			buildSettings = {
				ALWAYS_SEARCH_USER_PATHS = NO;
				CLANG_ANALYZER_NONNULL = YES;
				CLANG_ANALYZER_NUMBER_OBJECT_CONVERSION = YES_AGGRESSIVE;
				CLANG_CXX_LANGUAGE_STANDARD = "gnu++20";
				CLANG_ENABLE_MODULES = YES;
				CLANG_ENABLE_OBJC_ARC = YES;
				CLANG_ENABLE_OBJC_WEAK = YES;
				CLANG_WARN_BLOCK_CAPTURE_AUTORELEASING = YES;
				CLANG_WARN_BOOL_CONVERSION = YES;
				CLANG_WARN_COMMA = YES;
				CLANG_WARN_CONSTANT_CONVERSION = YES;
				CLANG_WARN_DEPRECATED_OBJC_IMPLEMENTATIONS = YES;
				CLANG_WARN_DIRECT_OBJC_ISA_USAGE = YES_ERROR;
				CLANG_WARN_DOCUMENTATION_COMMENTS = YES;
				CLANG_WARN_EMPTY_BODY = YES;
				CLANG_WARN_ENUM_CONVERSION = YES;
				CLANG_WARN_INFINITE_RECURSION = YES;
				CLANG_WARN_INT_CONVERSION = YES;
				CLANG_WARN_NON_LITERAL_NULL_CONVERSION = YES;
				CLANG_WARN_OBJC_IMPLICIT_RETAIN_SELF = YES;
				CLANG_WARN_OBJC_LITERAL_CONVERSION = YES;
				CLANG_WARN_OBJC_ROOT_CLASS = YES_ERROR;
				CLANG_WARN_QUOTED_INCLUDE_IN_FRAMEWORK_HEADER = YES;
				CLANG_WARN_RANGE_LOOP_ANALYSIS = YES;
				CLANG_WARN_STRICT_PROTOTYPES = YES;
				CLANG_WARN_SUSPICIOUS_MOVE = YES;
				CLANG_WARN_UNGUARDED_AVAILABILITY = YES_AGGRESSIVE;
				CLANG_WARN_UNREACHABLE_CODE = YES;
				CLANG_WARN__DUPLICATE_METHOD_MATCH = YES;
				COPY_PHASE_STRIP = NO;
				DEBUG_INFORMATION_FORMAT = dwarf;
				ENABLE_STRICT_OBJC_MSGSEND = YES;
				ENABLE_TESTABILITY = YES;
				ENABLE_USER_SCRIPT_SANDBOXING = YES;
				GCC_C_LANGUAGE_STANDARD = gnu11;
				GCC_DYNAMIC_NO_PIC = NO;
				GCC_NO_COMMON_BLOCKS = YES;
				GCC_OPTIMIZATION_LEVEL = 0;
				GCC_PREPROCESSOR_DEFINITIONS = (
					"DEBUG=1",
					"$(inherited)",
				);
				GCC_WARN_64_TO_32_BIT_CONVERSION = YES;
				GCC_WARN_ABOUT_RETURN_TYPE = YES_ERROR;
				GCC_WARN_UNDECLARED_SELECTOR = YES;
				GCC_WARN_UNINITIALIZED_AUTOS = YES_AGGRESSIVE;
				GCC_WARN_UNUSED_FUNCTION = YES;
				GCC_WARN_UNUSED_VARIABLE = YES;
				IPHONEOS_DEPLOYMENT_TARGET = 17.0;
				MTL_ENABLE_DEBUG_INFO = INCLUDE_SOURCE;
				MTL_FAST_MATH = YES;
				ONLY_ACTIVE_ARCH = YES;
				SDKROOT = iphoneos;
				SWIFT_ACTIVE_COMPILATION_CONDITIONS = DEBUG;
				SWIFT_OPTIMIZATION_LEVEL = "-Onone";
			};
			name = Debug;
		};
		D10BB325298ADAA500667E86 /* Release */ = {
			isa = XCBuildConfiguration;
			buildSettings = {
				ALWAYS_SEARCH_USER_PATHS = NO;
				CLANG_ANALYZER_NONNULL = YES;
				CLANG_ANALYZER_NUMBER_OBJECT_CONVERSION = YES_AGGRESSIVE;
				CLANG_CXX_LANGUAGE_STANDARD = "gnu++20";
				CLANG_ENABLE_MODULES = YES;
				CLANG_ENABLE_OBJC_ARC = YES;
				CLANG_ENABLE_OBJC_WEAK = YES;
				CLANG_WARN_BLOCK_CAPTURE_AUTORELEASING = YES;
				CLANG_WARN_BOOL_CONVERSION = YES;
				CLANG_WARN_COMMA = YES;
				CLANG_WARN_CONSTANT_CONVERSION = YES;
				CLANG_WARN_DEPRECATED_OBJC_IMPLEMENTATIONS = YES;
				CLANG_WARN_DIRECT_OBJC_ISA_USAGE = YES_ERROR;
				CLANG_WARN_DOCUMENTATION_COMMENTS = YES;
				CLANG_WARN_EMPTY_BODY = YES;
				CLANG_WARN_ENUM_CONVERSION = YES;
				CLANG_WARN_INFINITE_RECURSION = YES;
				CLANG_WARN_INT_CONVERSION = YES;
				CLANG_WARN_NON_LITERAL_NULL_CONVERSION = YES;
				CLANG_WARN_OBJC_IMPLICIT_RETAIN_SELF = YES;
				CLANG_WARN_OBJC_LITERAL_CONVERSION = YES;
				CLANG_WARN_OBJC_ROOT_CLASS = YES_ERROR;
				CLANG_WARN_QUOTED_INCLUDE_IN_FRAMEWORK_HEADER = YES;
				CLANG_WARN_RANGE_LOOP_ANALYSIS = YES;
				CLANG_WARN_STRICT_PROTOTYPES = YES;
				CLANG_WARN_SUSPICIOUS_MOVE = YES;
				CLANG_WARN_UNGUARDED_AVAILABILITY = YES_AGGRESSIVE;
				CLANG_WARN_UNREACHABLE_CODE = YES;
				CLANG_WARN__DUPLICATE_METHOD_MATCH = YES;
				COPY_PHASE_STRIP = NO;
				DEBUG_INFORMATION_FORMAT = "dwarf-with-dsym";
				ENABLE_NS_ASSERTIONS = NO;
				ENABLE_STRICT_OBJC_MSGSEND = YES;
				ENABLE_USER_SCRIPT_SANDBOXING = YES;
				GCC_C_LANGUAGE_STANDARD = gnu11;
				GCC_NO_COMMON_BLOCKS = YES;
				GCC_WARN_64_TO_32_BIT_CONVERSION = YES;
				GCC_WARN_ABOUT_RETURN_TYPE = YES_ERROR;
				GCC_WARN_UNDECLARED_SELECTOR = YES;
				GCC_WARN_UNINITIALIZED_AUTOS = YES_AGGRESSIVE;
				GCC_WARN_UNUSED_FUNCTION = YES;
				GCC_WARN_UNUSED_VARIABLE = YES;
				IPHONEOS_DEPLOYMENT_TARGET = 17.0;
				MTL_ENABLE_DEBUG_INFO = NO;
				MTL_FAST_MATH = YES;
				SDKROOT = iphoneos;
				SWIFT_COMPILATION_MODE = wholemodule;
				SWIFT_OPTIMIZATION_LEVEL = "-O";
				VALIDATE_PRODUCT = YES;
			};
			name = Release;
		};
		D10BB327298ADAA500667E86 /* Debug */ = {
			isa = XCBuildConfiguration;
			buildSettings = {
				ASSETCATALOG_COMPILER_APPICON_NAME = AppIcon;
				ASSETCATALOG_COMPILER_GLOBAL_ACCENT_COLOR_NAME = AccentColor;
				CODE_SIGN_STYLE = Automatic;
				CURRENT_PROJECT_VERSION = 1;
				DEVELOPMENT_ASSET_PATHS = "\"FERN/Preview Content\"";
				DEVELOPMENT_TEAM = 2DBHJL4HWE;
				ENABLE_PREVIEWS = YES;
				FRAMEWORK_SEARCH_PATHS = (
					"$(inherited)",
					"$(PROJECT_DIR)/FERN",
				);
				GENERATE_INFOPLIST_FILE = YES;
				INFOPLIST_FILE = FERN/Info.plist;
				INFOPLIST_KEY_LSSupportsOpeningDocumentsInPlace = YES;
				INFOPLIST_KEY_NSCameraUsageDescription = "This app uses your camera";
				INFOPLIST_KEY_NSLocationWhenInUseUsageDescription = "This app uses your location to display it on the screen";
				INFOPLIST_KEY_NSPhotoLibraryUsageDescription = "This app saves photos to your device";
				INFOPLIST_KEY_UIApplicationSceneManifest_Generation = YES;
				INFOPLIST_KEY_UIApplicationSupportsIndirectInputEvents = YES;
				INFOPLIST_KEY_UILaunchScreen_Generation = YES;
				INFOPLIST_KEY_UISupportedInterfaceOrientations_iPad = "UIInterfaceOrientationPortrait UIInterfaceOrientationPortraitUpsideDown UIInterfaceOrientationLandscapeLeft UIInterfaceOrientationLandscapeRight";
				INFOPLIST_KEY_UISupportedInterfaceOrientations_iPhone = "UIInterfaceOrientationPortrait UIInterfaceOrientationLandscapeLeft UIInterfaceOrientationLandscapeRight";
				IPHONEOS_DEPLOYMENT_TARGET = 17.0;
				LD_RUNPATH_SEARCH_PATHS = (
					"$(inherited)",
					"@executable_path/Frameworks",
				);
				MARKETING_VERSION = 1.7.0;
				PRODUCT_BUNDLE_IDENTIFIER = "ORNL.FERN-UT-Battelle";
				PRODUCT_NAME = "$(TARGET_NAME)";
				SWIFT_EMIT_LOC_STRINGS = YES;
				SWIFT_VERSION = 5.0;
				TARGETED_DEVICE_FAMILY = "1,2";
			};
			name = Debug;
		};
		D10BB328298ADAA500667E86 /* Release */ = {
			isa = XCBuildConfiguration;
			buildSettings = {
				ASSETCATALOG_COMPILER_APPICON_NAME = AppIcon;
				ASSETCATALOG_COMPILER_GLOBAL_ACCENT_COLOR_NAME = AccentColor;
				CODE_SIGN_STYLE = Automatic;
				CURRENT_PROJECT_VERSION = 1;
				DEVELOPMENT_ASSET_PATHS = "\"FERN/Preview Content\"";
				DEVELOPMENT_TEAM = 2DBHJL4HWE;
				ENABLE_PREVIEWS = YES;
				FRAMEWORK_SEARCH_PATHS = (
					"$(inherited)",
					"$(PROJECT_DIR)/FERN",
				);
				GENERATE_INFOPLIST_FILE = YES;
				INFOPLIST_FILE = FERN/Info.plist;
				INFOPLIST_KEY_LSSupportsOpeningDocumentsInPlace = YES;
				INFOPLIST_KEY_NSCameraUsageDescription = "This app uses your camera";
				INFOPLIST_KEY_NSLocationWhenInUseUsageDescription = "This app uses your location to display it on the screen";
				INFOPLIST_KEY_NSPhotoLibraryUsageDescription = "This app saves photos to your device";
				INFOPLIST_KEY_UIApplicationSceneManifest_Generation = YES;
				INFOPLIST_KEY_UIApplicationSupportsIndirectInputEvents = YES;
				INFOPLIST_KEY_UILaunchScreen_Generation = YES;
				INFOPLIST_KEY_UISupportedInterfaceOrientations_iPad = "UIInterfaceOrientationPortrait UIInterfaceOrientationPortraitUpsideDown UIInterfaceOrientationLandscapeLeft UIInterfaceOrientationLandscapeRight";
				INFOPLIST_KEY_UISupportedInterfaceOrientations_iPhone = "UIInterfaceOrientationPortrait UIInterfaceOrientationLandscapeLeft UIInterfaceOrientationLandscapeRight";
				IPHONEOS_DEPLOYMENT_TARGET = 17.0;
				LD_RUNPATH_SEARCH_PATHS = (
					"$(inherited)",
					"@executable_path/Frameworks",
				);
				MARKETING_VERSION = 1.7.0;
				PRODUCT_BUNDLE_IDENTIFIER = "ORNL.FERN-UT-Battelle";
				PRODUCT_NAME = "$(TARGET_NAME)";
				SWIFT_EMIT_LOC_STRINGS = YES;
				SWIFT_VERSION = 5.0;
				TARGETED_DEVICE_FAMILY = "1,2";
			};
			name = Release;
		};
		D147C56C29A3EC2900D948AB /* Debug */ = {
			isa = XCBuildConfiguration;
			buildSettings = {
				BUNDLE_LOADER = "$(TEST_HOST)";
				CODE_SIGN_STYLE = Automatic;
				CURRENT_PROJECT_VERSION = 1;
				DEVELOPMENT_TEAM = 2DBHJL4HWE;
				GENERATE_INFOPLIST_FILE = YES;
				MARKETING_VERSION = 1.0;
				PRODUCT_BUNDLE_IDENTIFIER = ORNL.FERNTests;
				PRODUCT_NAME = "$(TARGET_NAME)";
				SWIFT_EMIT_LOC_STRINGS = NO;
				SWIFT_VERSION = 5.0;
				TARGETED_DEVICE_FAMILY = "1,2";
				TEST_HOST = "$(BUILT_PRODUCTS_DIR)/FERN.app/$(BUNDLE_EXECUTABLE_FOLDER_PATH)/FERN";
			};
			name = Debug;
		};
		D147C56D29A3EC2900D948AB /* Release */ = {
			isa = XCBuildConfiguration;
			buildSettings = {
				BUNDLE_LOADER = "$(TEST_HOST)";
				CODE_SIGN_STYLE = Automatic;
				CURRENT_PROJECT_VERSION = 1;
				DEVELOPMENT_TEAM = 2DBHJL4HWE;
				GENERATE_INFOPLIST_FILE = YES;
				MARKETING_VERSION = 1.0;
				PRODUCT_BUNDLE_IDENTIFIER = ORNL.FERNTests;
				PRODUCT_NAME = "$(TARGET_NAME)";
				SWIFT_EMIT_LOC_STRINGS = NO;
				SWIFT_VERSION = 5.0;
				TARGETED_DEVICE_FAMILY = "1,2";
				TEST_HOST = "$(BUILT_PRODUCTS_DIR)/FERN.app/$(BUNDLE_EXECUTABLE_FOLDER_PATH)/FERN";
			};
			name = Release;
		};
/* End XCBuildConfiguration section */

/* Begin XCConfigurationList section */
		D10BB313298ADAA400667E86 /* Build configuration list for PBXProject "FERN" */ = {
			isa = XCConfigurationList;
			buildConfigurations = (
				D10BB324298ADAA500667E86 /* Debug */,
				D10BB325298ADAA500667E86 /* Release */,
			);
			defaultConfigurationIsVisible = 0;
			defaultConfigurationName = Release;
		};
		D10BB326298ADAA500667E86 /* Build configuration list for PBXNativeTarget "FERN" */ = {
			isa = XCConfigurationList;
			buildConfigurations = (
				D10BB327298ADAA500667E86 /* Debug */,
				D10BB328298ADAA500667E86 /* Release */,
			);
			defaultConfigurationIsVisible = 0;
			defaultConfigurationName = Release;
		};
		D147C56B29A3EC2900D948AB /* Build configuration list for PBXNativeTarget "FERNTests" */ = {
			isa = XCConfigurationList;
			buildConfigurations = (
				D147C56C29A3EC2900D948AB /* Debug */,
				D147C56D29A3EC2900D948AB /* Release */,
			);
			defaultConfigurationIsVisible = 0;
			defaultConfigurationName = Release;
		};
/* End XCConfigurationList section */
	};
	rootObject = D10BB310298ADAA400667E86 /* Project object */;
}
